// !$*UTF8*$!
{
	archiveVersion = 1;
	classes = {
	};
	objectVersion = 46;
	objects = {

/* Begin PBXBuildFile section */
		F0A0608A1E30624000A2BAD6 /* AppDelegate.swift in Sources */ = {isa = PBXBuildFile; fileRef = F0A060891E30624000A2BAD6 /* AppDelegate.swift */; };
		F0A0608F1E30624000A2BAD6 /* Main.storyboard in Resources */ = {isa = PBXBuildFile; fileRef = F0A0608D1E30624000A2BAD6 /* Main.storyboard */; };
		F0A060911E30624000A2BAD6 /* Assets.xcassets in Resources */ = {isa = PBXBuildFile; fileRef = F0A060901E30624000A2BAD6 /* Assets.xcassets */; };
		F0A060941E30624000A2BAD6 /* LaunchScreen.storyboard in Resources */ = {isa = PBXBuildFile; fileRef = F0A060921E30624000A2BAD6 /* LaunchScreen.storyboard */; };
/* End PBXBuildFile section */

/* Begin PBXFileReference section */
		F0A060861E30624000A2BAD6 /* SWZB.app */ = {isa = PBXFileReference; explicitFileType = wrapper.application; includeInIndex = 0; path = SWZB.app; sourceTree = BUILT_PRODUCTS_DIR; };
		F0A060891E30624000A2BAD6 /* AppDelegate.swift */ = {isa = PBXFileReference; lastKnownFileType = sourcecode.swift; path = AppDelegate.swift; sourceTree = "<group>"; };
		F0A0608E1E30624000A2BAD6 /* Base */ = {isa = PBXFileReference; lastKnownFileType = file.storyboard; name = Base; path = Base.lproj/Main.storyboard; sourceTree = "<group>"; };
		F0A060901E30624000A2BAD6 /* Assets.xcassets */ = {isa = PBXFileReference; lastKnownFileType = folder.assetcatalog; path = Assets.xcassets; sourceTree = "<group>"; };
		F0A060931E30624000A2BAD6 /* Base */ = {isa = PBXFileReference; lastKnownFileType = file.storyboard; name = Base; path = Base.lproj/LaunchScreen.storyboard; sourceTree = "<group>"; };
		F0A060951E30624000A2BAD6 /* Info.plist */ = {isa = PBXFileReference; lastKnownFileType = text.plist.xml; path = Info.plist; sourceTree = "<group>"; };
/* End PBXFileReference section */

/* Begin PBXFrameworksBuildPhase section */
		F0A060831E30624000A2BAD6 /* Frameworks */ = {
			isa = PBXFrameworksBuildPhase;
			buildActionMask = 2147483647;
			files = (
			);
			runOnlyForDeploymentPostprocessing = 0;
		};
/* End PBXFrameworksBuildPhase section */

/* Begin PBXGroup section */
		F0A0607D1E30624000A2BAD6 = {
			isa = PBXGroup;
			children = (
				F0A060881E30624000A2BAD6 /* SWZB */,
				F0A060871E30624000A2BAD6 /* Products */,
			);
			sourceTree = "<group>";
		};
		F0A060871E30624000A2BAD6 /* Products */ = {
			isa = PBXGroup;
			children = (
				F0A060861E30624000A2BAD6 /* SWZB.app */,
			);
			name = Products;
			sourceTree = "<group>";
		};
		F0A060881E30624000A2BAD6 /* SWZB */ = {
			isa = PBXGroup;
			children = (
				F0A0609B1E306BEA00A2BAD6 /* classes */,
				F0A060891E30624000A2BAD6 /* AppDelegate.swift */,
				F0A060901E30624000A2BAD6 /* Assets.xcassets */,
				F0A060921E30624000A2BAD6 /* LaunchScreen.storyboard */,
				F0A060951E30624000A2BAD6 /* Info.plist */,
			);
			path = SWZB;
			sourceTree = "<group>";
		};
		F0A0609B1E306BEA00A2BAD6 /* classes */ = {
			isa = PBXGroup;
			children = (
				F0A0609F1E306BEA00A2BAD6 /* main */,
				F0A0609C1E306BEA00A2BAD6 /* follow */,
				F0A0609E1E306BEA00A2BAD6 /* live */,
				F0A060A01E306BEA00A2BAD6 /* profile */,
				F0A060A11E306BEA00A2BAD6 /* tools */,
			);
			path = classes;
			sourceTree = "<group>";
		};
		F0A0609C1E306BEA00A2BAD6 /* follow */ = {
			isa = PBXGroup;
			children = (
			);
			path = follow;
			sourceTree = "<group>";
		};
		F0A0609D1E306BEA00A2BAD6 /* home */ = {
			isa = PBXGroup;
			children = (
			);
			name = home;
			path = ../home;
			sourceTree = "<group>";
		};
		F0A0609E1E306BEA00A2BAD6 /* live */ = {
			isa = PBXGroup;
			children = (
			);
			path = live;
			sourceTree = "<group>";
		};
		F0A0609F1E306BEA00A2BAD6 /* main */ = {
			isa = PBXGroup;
			children = (
				F0A0608D1E30624000A2BAD6 /* Main.storyboard */,
				F0A0609D1E306BEA00A2BAD6 /* home */,
			);
			path = main;
			sourceTree = "<group>";
		};
		F0A060A01E306BEA00A2BAD6 /* profile */ = {
			isa = PBXGroup;
			children = (
			);
			path = profile;
			sourceTree = "<group>";
		};
		F0A060A11E306BEA00A2BAD6 /* tools */ = {
			isa = PBXGroup;
			children = (
			);
			path = tools;
			sourceTree = "<group>";
		};
/* End PBXGroup section */

/* Begin PBXNativeTarget section */
		F0A060851E30624000A2BAD6 /* SWZB */ = {
			isa = PBXNativeTarget;
			buildConfigurationList = F0A060981E30624000A2BAD6 /* Build configuration list for PBXNativeTarget "SWZB" */;
			buildPhases = (
				F0A060821E30624000A2BAD6 /* Sources */,
				F0A060831E30624000A2BAD6 /* Frameworks */,
				F0A060841E30624000A2BAD6 /* Resources */,
			);
			buildRules = (
			);
			dependencies = (
			);
			name = SWZB;
			productName = SWZB;
			productReference = F0A060861E30624000A2BAD6 /* SWZB.app */;
			productType = "com.apple.product-type.application";
		};
/* End PBXNativeTarget section */

/* Begin PBXProject section */
		F0A0607E1E30624000A2BAD6 /* Project object */ = {
			isa = PBXProject;
			attributes = {
				LastSwiftUpdateCheck = 0730;
				LastUpgradeCheck = 0730;
				ORGANIZATIONNAME = springwoods;
				TargetAttributes = {
					F0A060851E30624000A2BAD6 = {
						CreatedOnToolsVersion = 7.3.1;
					};
				};
			};
			buildConfigurationList = F0A060811E30624000A2BAD6 /* Build configuration list for PBXProject "SWZB" */;
			compatibilityVersion = "Xcode 3.2";
			developmentRegion = English;
			hasScannedForEncodings = 0;
			knownRegions = (
				en,
				Base,
			);
			mainGroup = F0A0607D1E30624000A2BAD6;
			productRefGroup = F0A060871E30624000A2BAD6 /* Products */;
			projectDirPath = "";
			projectRoot = "";
			targets = (
				F0A060851E30624000A2BAD6 /* SWZB */,
			);
		};
/* End PBXProject section */

/* Begin PBXResourcesBuildPhase section */
		F0A060841E30624000A2BAD6 /* Resources */ = {
			isa = PBXResourcesBuildPhase;
			buildActionMask = 2147483647;
			files = (
				F0A060941E30624000A2BAD6 /* LaunchScreen.storyboard in Resources */,
				F0A060911E30624000A2BAD6 /* Assets.xcassets in Resources */,
				F0A0608F1E30624000A2BAD6 /* Main.storyboard in Resources */,
			);
			runOnlyForDeploymentPostprocessing = 0;
		};
/* End PBXResourcesBuildPhase section */

/* Begin PBXSourcesBuildPhase section */
		F0A060821E30624000A2BAD6 /* Sources */ = {
			isa = PBXSourcesBuildPhase;
			buildActionMask = 2147483647;
			files = (
				F0A0608A1E30624000A2BAD6 /* AppDelegate.swift in Sources */,
			);
			runOnlyForDeploymentPostprocessing = 0;
		};
/* End PBXSourcesBuildPhase section */

/* Begin PBXVariantGroup section */
		F0A0608D1E30624000A2BAD6 /* Main.storyboard */ = {
			isa = PBXVariantGroup;
			children = (
				F0A0608E1E30624000A2BAD6 /* Base */,
			);
			name = Main.storyboard;
			path = ../..;
			sourceTree = "<group>";
		};
		F0A060921E30624000A2BAD6 /* LaunchScreen.storyboard */ = {
			isa = PBXVariantGroup;
			children = (
				F0A060931E30624000A2BAD6 /* Base */,
			);
			name = LaunchScreen.storyboard;
			sourceTree = "<group>";
		};
/* End PBXVariantGroup section */

/* Begin XCBuildConfiguration section */
		F0A060961E30624000A2BAD6 /* Debug */ = {
			isa = XCBuildConfiguration;
			buildSettings = {
				ALWAYS_SEARCH_USER_PATHS = NO;
				CLANG_ANALYZER_NONNULL = YES;
				CLANG_CXX_LANGUAGE_STANDARD = "gnu++0x";
				CLANG_CXX_LIBRARY = "libc++";
				CLANG_ENABLE_MODULES = YES;
				CLANG_ENABLE_OBJC_ARC = YES;
				CLANG_WARN_BOOL_CONVERSION = YES;
				CLANG_WARN_CONSTANT_CONVERSION = YES;
				CLANG_WARN_DIRECT_OBJC_ISA_USAGE = YES_ERROR;
				CLANG_WARN_EMPTY_BODY = YES;
				CLANG_WARN_ENUM_CONVERSION = YES;
				CLANG_WARN_INT_CONVERSION = YES;
				CLANG_WARN_OBJC_ROOT_CLASS = YES_ERROR;
				CLANG_WARN_UNREACHABLE_CODE = YES;
				CLANG_WARN__DUPLICATE_METHOD_MATCH = YES;
				"CODE_SIGN_IDENTITY[sdk=iphoneos*]" = "iPhone Developer";
				COPY_PHASE_STRIP = NO;
				DEBUG_INFORMATION_FORMAT = dwarf;
				ENABLE_STRICT_OBJC_MSGSEND = YES;
				ENABLE_TESTABILITY = YES;
				GCC_C_LANGUAGE_STANDARD = gnu99;
				GCC_DYNAMIC_NO_PIC = NO;
				GCC_NO_COMMON_BLOCKS = YES;
				GCC_OPTIMIZATION_LEVEL = 0;
				GCC_PREPROCESSOR_DEFINITIONS = (
					"DEBUG=1",
					"$(inherited)",
				);
				GCC_WARN_64_TO_32_BIT_CONVERSION = YES;
				GCC_WARN_ABOUT_RETURN_TYPE = YES_ERROR;
				GCC_WARN_UNDECLARED_SELECTOR = YES;
				GCC_WARN_UNINITIALIZED_AUTOS = YES_AGGRESSIVE;
				GCC_WARN_UNUSED_FUNCTION = YES;
				GCC_WARN_UNUSED_VARIABLE = YES;
				IPHONEOS_DEPLOYMENT_TARGET = 9.3;
				MTL_ENABLE_DEBUG_INFO = YES;
				ONLY_ACTIVE_ARCH = YES;
				SDKROOT = iphoneos;
				SWIFT_OPTIMIZATION_LEVEL = "-Onone";
			};
			name = Debug;
		};
		F0A060971E30624000A2BAD6 /* Release */ = {
			isa = XCBuildConfiguration;
			buildSettings = {
				ALWAYS_SEARCH_USER_PATHS = NO;
				CLANG_ANALYZER_NONNULL = YES;
				CLANG_CXX_LANGUAGE_STANDARD = "gnu++0x";
				CLANG_CXX_LIBRARY = "libc++";
				CLANG_ENABLE_MODULES = YES;
				CLANG_ENABLE_OBJC_ARC = YES;
				CLANG_WARN_BOOL_CONVERSION = YES;
				CLANG_WARN_CONSTANT_CONVERSION = YES;
				CLANG_WARN_DIRECT_OBJC_ISA_USAGE = YES_ERROR;
				CLANG_WARN_EMPTY_BODY = YES;
				CLANG_WARN_ENUM_CONVERSION = YES;
				CLANG_WARN_INT_CONVERSION = YES;
				CLANG_WARN_OBJC_ROOT_CLASS = YES_ERROR;
				CLANG_WARN_UNREACHABLE_CODE = YES;
				CLANG_WARN__DUPLICATE_METHOD_MATCH = YES;
				"CODE_SIGN_IDENTITY[sdk=iphoneos*]" = "iPhone Developer";
				COPY_PHASE_STRIP = NO;
				DEBUG_INFORMATION_FORMAT = "dwarf-with-dsym";
				ENABLE_NS_ASSERTIONS = NO;
				ENABLE_STRICT_OBJC_MSGSEND = YES;
				GCC_C_LANGUAGE_STANDARD = gnu99;
				GCC_NO_COMMON_BLOCKS = YES;
				GCC_WARN_64_TO_32_BIT_CONVERSION = YES;
				GCC_WARN_ABOUT_RETURN_TYPE = YES_ERROR;
				GCC_WARN_UNDECLARED_SELECTOR = YES;
				GCC_WARN_UNINITIALIZED_AUTOS = YES_AGGRESSIVE;
				GCC_WARN_UNUSED_FUNCTION = YES;
				GCC_WARN_UNUSED_VARIABLE = YES;
				IPHONEOS_DEPLOYMENT_TARGET = 9.3;
				MTL_ENABLE_DEBUG_INFO = NO;
				SDKROOT = iphoneos;
				VALIDATE_PRODUCT = YES;
			};
			name = Release;
		};
		F0A060991E30624000A2BAD6 /* Debug */ = {
			isa = XCBuildConfiguration;
			buildSettings = {
				ASSETCATALOG_COMPILER_APPICON_NAME = AppIcon;
				ASSETCATALOG_COMPILER_LAUNCHIMAGE_NAME = "Brand Assets";
				INFOPLIST_FILE = SWZB/Info.plist;
				IPHONEOS_DEPLOYMENT_TARGET = 9.0;
				LD_RUNPATH_SEARCH_PATHS = "$(inherited) @executable_path/Frameworks";
				PRODUCT_BUNDLE_IDENTIFIER = hongjia.SWZB;
				PRODUCT_NAME = "$(TARGET_NAME)";
			};
			name = Debug;
		};
		F0A0609A1E30624000A2BAD6 /* Release */ = {
			isa = XCBuildConfiguration;
			buildSettings = {
				ASSETCATALOG_COMPILER_APPICON_NAME = AppIcon;
				ASSETCATALOG_COMPILER_LAUNCHIMAGE_NAME = "Brand Assets";
				INFOPLIST_FILE = SWZB/Info.plist;
				IPHONEOS_DEPLOYMENT_TARGET = 9.0;
				LD_RUNPATH_SEARCH_PATHS = "$(inherited) @executable_path/Frameworks";
				PRODUCT_BUNDLE_IDENTIFIER = hongjia.SWZB;
				PRODUCT_NAME = "$(TARGET_NAME)";
			};
			name = Release;
		};
/* End XCBuildConfiguration section */

/* Begin XCConfigurationList section */
		F0A060811E30624000A2BAD6 /* Build configuration list for PBXProject "SWZB" */ = {
			isa = XCConfigurationList;
			buildConfigurations = (
				F0A060961E30624000A2BAD6 /* Debug */,
				F0A060971E30624000A2BAD6 /* Release */,
			);
			defaultConfigurationIsVisible = 0;
			defaultConfigurationName = Release;
		};
		F0A060981E30624000A2BAD6 /* Build configuration list for PBXNativeTarget "SWZB" */ = {
			isa = XCConfigurationList;
			buildConfigurations = (
				F0A060991E30624000A2BAD6 /* Debug */,
				F0A0609A1E30624000A2BAD6 /* Release */,
			);
			defaultConfigurationIsVisible = 0;
			defaultConfigurationName = Release;
		};
/* End XCConfigurationList section */
	};
	rootObject = F0A0607E1E30624000A2BAD6 /* Project object */;
}
